
Microsoft Visual Studio Solution File, Format Version 12.00
# Visual Studio Version 17
VisualStudioVersion = 17.0.32126.317
MinimumVisualStudioVersion = 10.0.40219.1
Project("{9A19103F-16F7-4668-BE54-9A1E7A4F7556}") = "BulkyBookWeb", "BulkyBookWeb\BulkyBookWeb.csproj", "{2C9CF1BA-6B3F-4BE6-B81C-56F46A417CAA}"
EndProject
Project("{FAE04EC0-301F-11D3-BF4B-00C04F79EFBC}") = "BulkyBookWeb.IntegrationTests", "BulkyBookWeb.IntegrationTests\BulkyBookWeb.IntegrationTests.csproj", "{A5183B07-8B09-4DB2-B337-C3A478E7C201}"
EndProject
Global
	GlobalSection(SolutionConfigurationPlatforms) = preSolution
		Debug|Any CPU = Debug|Any CPU
		Release|Any CPU = Release|Any CPU
	EndGlobalSection
	GlobalSection(ProjectConfigurationPlatforms) = postSolution
		{2C9CF1BA-6B3F-4BE6-B81C-56F46A417CAA}.Debug|Any CPU.ActiveCfg = Debug|Any CPU
		{2C9CF1BA-6B3F-4BE6-B81C-56F46A417CAA}.Debug|Any CPU.Build.0 = Debug|Any CPU
		{2C9CF1BA-6B3F-4BE6-B81C-56F46A417CAA}.Release|Any CPU.ActiveCfg = Release|Any CPU
		{2C9CF1BA-6B3F-4BE6-B81C-56F46A417CAA}.Release|Any CPU.Build.0 = Release|Any CPU
		{A5183B07-8B09-4DB2-B337-C3A478E7C201}.Debug|Any CPU.ActiveCfg = Debug|Any CPU
		{A5183B07-8B09-4DB2-B337-C3A478E7C201}.Debug|Any CPU.Build.0 = Debug|Any CPU
		{A5183B07-8B09-4DB2-B337-C3A478E7C201}.Release|Any CPU.ActiveCfg = Release|Any CPU
		{A5183B07-8B09-4DB2-B337-C3A478E7C201}.Release|Any CPU.Build.0 = Release|Any CPU
	EndGlobalSection
	GlobalSection(SolutionProperties) = preSolution
		HideSolutionNode = FALSE
	EndGlobalSection
	GlobalSection(ExtensibilityGlobals) = postSolution
		SolutionGuid = {CC1E549E-4C2B-4A70-AAF6-A659D082D157}
	EndGlobalSection
EndGlobal
